
Microsoft Visual Studio Solution File, Format Version 11.00
# Visual Studio 2010
# SharpDevelop 4.4
Project("{FAE04EC0-301F-11D3-BF4B-00C04F79EFBC}") = "Cinema", "Cinema\Cinema.csproj", "{F85CE75F-98AE-4F5B-8DAB-C67398CA4A9B}"
EndProject
Global
	GlobalSection(SolutionConfigurationPlatforms) = preSolution
		Debug|Any CPU = Debug|Any CPU
		Release|Any CPU = Release|Any CPU
	EndGlobalSection
	GlobalSection(ProjectConfigurationPlatforms) = postSolution
		{F85CE75F-98AE-4F5B-8DAB-C67398CA4A9B}.Debug|Any CPU.Build.0 = Debug|Any CPU
		{F85CE75F-98AE-4F5B-8DAB-C67398CA4A9B}.Debug|Any CPU.ActiveCfg = Debug|Any CPU
		{F85CE75F-98AE-4F5B-8DAB-C67398CA4A9B}.Release|Any CPU.Build.0 = Release|Any CPU
		{F85CE75F-98AE-4F5B-8DAB-C67398CA4A9B}.Release|Any CPU.ActiveCfg = Release|Any CPU
	EndGlobalSection
EndGlobal
